{
  "name": "rot-js-log-rocket",
  "version": "1.0.0",
  "lockfileVersion": 1,
  "requires": true,
  "dependencies": {
    "rot-js": {
      "version": "2.1.4",
      "resolved": "https://registry.npmjs.org/rot-js/-/rot-js-2.1.4.tgz",
      "integrity": "sha512-UYgV8CPLNolXuzHNlwoGoEkA4fBExCbmrtns8Wl3YCGyVHqb5lgF+uUWXRJcDpWGbE/A7JSL3tUWtNUuRP790Q=="
    }
  }
}
